
Microsoft Visual Studio Solution File, Format Version 12.00
# Visual Studio Version 17
VisualStudioVersion = 17.5.33530.505
MinimumVisualStudioVersion = 10.0.40219.1
Project("{FAE04EC0-301F-11D3-BF4B-00C04F79EFBC}") = "FileGenerate", "FileGenerate\FileGenerate.csproj", "{40B26366-9A72-4959-B961-562EA6B5BBCC}"
EndProject
Global
	GlobalSection(SolutionConfigurationPlatforms) = preSolution
		Debug|Any CPU = Debug|Any CPU
		Release|Any CPU = Release|Any CPU
	EndGlobalSection
	GlobalSection(ProjectConfigurationPlatforms) = postSolution
		{40B26366-9A72-4959-B961-562EA6B5BBCC}.Debug|Any CPU.ActiveCfg = Debug|Any CPU
		{40B26366-9A72-4959-B961-562EA6B5BBCC}.Debug|Any CPU.Build.0 = Debug|Any CPU
		{40B26366-9A72-4959-B961-562EA6B5BBCC}.Release|Any CPU.ActiveCfg = Release|Any CPU
		{40B26366-9A72-4959-B961-562EA6B5BBCC}.Release|Any CPU.Build.0 = Release|Any CPU
	EndGlobalSection
	GlobalSection(SolutionProperties) = preSolution
		HideSolutionNode = FALSE
	EndGlobalSection
	GlobalSection(ExtensibilityGlobals) = postSolution
		SolutionGuid = {1D3FEF79-CFC7-4A46-BA08-A97767544F61}
	EndGlobalSection
EndGlobal
